// !$*UTF8*$!
{
	archiveVersion = 1;
	classes = {
	};
	objectVersion = 48;
	objects = {

/* Begin PBXBuildFile section */
		140755571FE07E75007BF8B0 /* libObjGLFW.a in Frameworks */ = {isa = PBXBuildFile; fileRef = ED7DC5241FE020660057AE1D /* libObjGLFW.a */; };
		1407555D1FE08854007BF8B0 /* _sokol_gfx_metal.impl.h in Headers */ = {isa = PBXBuildFile; fileRef = 140755581FE08853007BF8B0 /* _sokol_gfx_metal.impl.h */; };
		1407555E1FE08854007BF8B0 /* _sokol_gfx.impl.h in Headers */ = {isa = PBXBuildFile; fileRef = 140755591FE08853007BF8B0 /* _sokol_gfx.impl.h */; };
		1407555F1FE08854007BF8B0 /* sokol_gfx.h in Headers */ = {isa = PBXBuildFile; fileRef = 1407555A1FE08854007BF8B0 /* sokol_gfx.h */; };
		140755601FE08854007BF8B0 /* _sokol_gfx_gl.impl.h in Headers */ = {isa = PBXBuildFile; fileRef = 1407555B1FE08854007BF8B0 /* _sokol_gfx_gl.impl.h */; };
		140755611FE08854007BF8B0 /* _sokol_gfx_d3d11.impl.h in Headers */ = {isa = PBXBuildFile; fileRef = 1407555C1FE08854007BF8B0 /* _sokol_gfx_d3d11.impl.h */; };
		ED7DC5281FE020720057AE1D /* GlfwApplication.m in Sources */ = {isa = PBXBuildFile; fileRef = EDF8C8FB1FD70F2C002CF9DC /* GlfwApplication.m */; };
		ED7DC5291FE020780057AE1D /* GlfwWindowManager.m in Sources */ = {isa = PBXBuildFile; fileRef = EDF8C8FF1FD7EB3F002CF9DC /* GlfwWindowManager.m */; };
		ED7DC52A1FE020830057AE1D /* GlfwMonitor.m in Sources */ = {isa = PBXBuildFile; fileRef = ED7DC50E1FDECBCC0057AE1D /* GlfwMonitor.m */; };
		ED7DC52B1FE020860057AE1D /* GlfwRawWindow.m in Sources */ = {isa = PBXBuildFile; fileRef = 1407553F1FD73434007BF8B0 /* GlfwRawWindow.m */; };
		ED7DC52C1FE0208B0057AE1D /* GlfwWindow.m in Sources */ = {isa = PBXBuildFile; fileRef = EDF8C9091FD947FC002CF9DC /* GlfwWindow.m */; };
		ED7DC52D1FE0208F0057AE1D /* GlfwCursor.m in Sources */ = {isa = PBXBuildFile; fileRef = ED7DC5161FDFF3C70057AE1D /* GlfwCursor.m */; };
		ED7DC52E1FE020940057AE1D /* GlfwEvent.m in Sources */ = {isa = PBXBuildFile; fileRef = 140755421FD73453007BF8B0 /* GlfwEvent.m */; };
		ED7DC5471FE021570057AE1D /* ObjFW.framework in Frameworks */ = {isa = PBXBuildFile; fileRef = EDF8C8F81FD70F08002CF9DC /* ObjFW.framework */; };
		ED7DC5491FE021B00057AE1D /* libglfw.3.3.dylib in Frameworks */ = {isa = PBXBuildFile; fileRef = ED7DC5481FE021B00057AE1D /* libglfw.3.3.dylib */; };
		ED7DC54A1FE021BA0057AE1D /* OpenGL.framework in Frameworks */ = {isa = PBXBuildFile; fileRef = ED7DC5131FDEFBB80057AE1D /* OpenGL.framework */; };
		ED7DC55B1FE166330057AE1D /* main.m in Sources */ = {isa = PBXBuildFile; fileRef = ED7DC55A1FE166330057AE1D /* main.m */; };
		ED7DC55D1FE175890057AE1D /* libGLEW.2.1.0.dylib in Frameworks */ = {isa = PBXBuildFile; fileRef = ED7DC55C1FE175890057AE1D /* libGLEW.2.1.0.dylib */; };
		ED7DC5691FE187240057AE1D /* main_sokol.m in Sources */ = {isa = PBXBuildFile; fileRef = EDF8C8F01FD70E16002CF9DC /* main_sokol.m */; };
		ED7DC56A1FE1872D0057AE1D /* ObjFW.framework in Frameworks */ = {isa = PBXBuildFile; fileRef = EDF8C8F81FD70F08002CF9DC /* ObjFW.framework */; };
		ED7DC56B1FE187310057AE1D /* libglfw.3.3.dylib in Frameworks */ = {isa = PBXBuildFile; fileRef = ED7DC5481FE021B00057AE1D /* libglfw.3.3.dylib */; };
		ED7DC56C1FE187350057AE1D /* OpenGL.framework in Frameworks */ = {isa = PBXBuildFile; fileRef = ED7DC5131FDEFBB80057AE1D /* OpenGL.framework */; };
		ED7DC56D1FE188160057AE1D /* libObjGLFW.a in Frameworks */ = {isa = PBXBuildFile; fileRef = ED7DC5241FE020660057AE1D /* libObjGLFW.a */; };
		ED7DC6011FE2C81A0057AE1D /* ObjGLFW.h in Headers */ = {isa = PBXBuildFile; fileRef = ED7DC5571FE02BC90057AE1D /* ObjGLFW.h */; settings = {ATTRIBUTES = (Public, ); }; };
		ED7DC6021FE2C81A0057AE1D /* sokol_time.h in Headers */ = {isa = PBXBuildFile; fileRef = EDF8C8FD1FD713BF002CF9DC /* sokol_time.h */; settings = {ATTRIBUTES = (Public, ); }; };
		ED7DC6031FE2C81A0057AE1D /* GlfwGeometry.h in Headers */ = {isa = PBXBuildFile; fileRef = 140755461FD74A38007BF8B0 /* GlfwGeometry.h */; settings = {ATTRIBUTES = (Public, ); }; };
		ED7DC6041FE2C81A0057AE1D /* GlfwApplication.h in Headers */ = {isa = PBXBuildFile; fileRef = EDF8C8FA1FD70F2C002CF9DC /* GlfwApplication.h */; settings = {ATTRIBUTES = (Public, ); }; };
		ED7DC6051FE2C81A0057AE1D /* GlfwEventHandling.h in Headers */ = {isa = PBXBuildFile; fileRef = 1407554A1FD89271007BF8B0 /* GlfwEventHandling.h */; settings = {ATTRIBUTES = (Public, ); }; };
		ED7DC6061FE2C81A0057AE1D /* GlfwWindowManager.h in Headers */ = {isa = PBXBuildFile; fileRef = EDF8C8FE1FD7EB3F002CF9DC /* GlfwWindowManager.h */; settings = {ATTRIBUTES = (Public, ); }; };
		ED7DC6071FE2C81A0057AE1D /* GlfwMonitor.h in Headers */ = {isa = PBXBuildFile; fileRef = ED7DC50D1FDECBCC0057AE1D /* GlfwMonitor.h */; settings = {ATTRIBUTES = (Public, ); }; };
		ED7DC6081FE2C81A0057AE1D /* GlfwRawWindow.h in Headers */ = {isa = PBXBuildFile; fileRef = 1407553E1FD73434007BF8B0 /* GlfwRawWindow.h */; settings = {ATTRIBUTES = (Public, ); }; };
		ED7DC6091FE2C81A0057AE1D /* GlfwWindow.h in Headers */ = {isa = PBXBuildFile; fileRef = EDF8C9081FD947FC002CF9DC /* GlfwWindow.h */; settings = {ATTRIBUTES = (Public, ); }; };
		ED7DC60A1FE2C81A0057AE1D /* GlfwCursor.h in Headers */ = {isa = PBXBuildFile; fileRef = ED7DC5151FDFF3C70057AE1D /* GlfwCursor.h */; settings = {ATTRIBUTES = (Public, ); }; };
		ED7DC60B1FE2C81A0057AE1D /* GlfwEvent.h in Headers */ = {isa = PBXBuildFile; fileRef = 140755411FD73453007BF8B0 /* GlfwEvent.h */; settings = {ATTRIBUTES = (Public, ); }; };
/* End PBXBuildFile section */

/* Begin PBXContainerItemProxy section */
		ED7DC54B1FE021E20057AE1D /* PBXContainerItemProxy */ = {
			isa = PBXContainerItemProxy;
			containerPortal = EDF8C8E51FD70E16002CF9DC /* Project object */;
			proxyType = 1;
			remoteGlobalIDString = ED7DC5231FE020660057AE1D;
			remoteInfo = libObjGLFW;
		};
/* End PBXContainerItemProxy section */

/* Begin PBXCopyFilesBuildPhase section */
		ED7DC53B1FE020F60057AE1D /* CopyFiles */ = {
			isa = PBXCopyFilesBuildPhase;
			buildActionMask = 2147483647;
			dstPath = /usr/share/man/man1/;
			dstSubfolderSpec = 0;
			files = (
			);
			runOnlyForDeploymentPostprocessing = 1;
		};
		ED7DC5601FE187110057AE1D /* CopyFiles */ = {
			isa = PBXCopyFilesBuildPhase;
			buildActionMask = 2147483647;
			dstPath = /usr/share/man/man1/;
			dstSubfolderSpec = 0;
			files = (
			);
			runOnlyForDeploymentPostprocessing = 1;
		};
/* End PBXCopyFilesBuildPhase section */

/* Begin PBXFileReference section */
		1407553E1FD73434007BF8B0 /* GlfwRawWindow.h */ = {isa = PBXFileReference; lastKnownFileType = sourcecode.c.h; path = GlfwRawWindow.h; sourceTree = "<group>"; };
		1407553F1FD73434007BF8B0 /* GlfwRawWindow.m */ = {isa = PBXFileReference; lastKnownFileType = sourcecode.c.objc; path = GlfwRawWindow.m; sourceTree = "<group>"; };
		140755411FD73453007BF8B0 /* GlfwEvent.h */ = {isa = PBXFileReference; lastKnownFileType = sourcecode.c.h; path = GlfwEvent.h; sourceTree = "<group>"; };
		140755421FD73453007BF8B0 /* GlfwEvent.m */ = {isa = PBXFileReference; lastKnownFileType = sourcecode.c.objc; path = GlfwEvent.m; sourceTree = "<group>"; };
		140755461FD74A38007BF8B0 /* GlfwGeometry.h */ = {isa = PBXFileReference; lastKnownFileType = sourcecode.c.h; path = GlfwGeometry.h; sourceTree = "<group>"; };
		1407554A1FD89271007BF8B0 /* GlfwEventHandling.h */ = {isa = PBXFileReference; lastKnownFileType = sourcecode.c.h; path = GlfwEventHandling.h; sourceTree = "<group>"; };
		1407554B1FD8929A007BF8B0 /* GlfwDrawing.h */ = {isa = PBXFileReference; lastKnownFileType = sourcecode.c.h; path = GlfwDrawing.h; sourceTree = "<group>"; };
		140755581FE08853007BF8B0 /* _sokol_gfx_metal.impl.h */ = {isa = PBXFileReference; fileEncoding = 4; lastKnownFileType = sourcecode.c.h; path = _sokol_gfx_metal.impl.h; sourceTree = "<group>"; };
		140755591FE08853007BF8B0 /* _sokol_gfx.impl.h */ = {isa = PBXFileReference; fileEncoding = 4; lastKnownFileType = sourcecode.c.h; path = _sokol_gfx.impl.h; sourceTree = "<group>"; };
		1407555A1FE08854007BF8B0 /* sokol_gfx.h */ = {isa = PBXFileReference; fileEncoding = 4; lastKnownFileType = sourcecode.c.h; path = sokol_gfx.h; sourceTree = "<group>"; };
		1407555B1FE08854007BF8B0 /* _sokol_gfx_gl.impl.h */ = {isa = PBXFileReference; fileEncoding = 4; lastKnownFileType = sourcecode.c.h; path = _sokol_gfx_gl.impl.h; sourceTree = "<group>"; };
		1407555C1FE08854007BF8B0 /* _sokol_gfx_d3d11.impl.h */ = {isa = PBXFileReference; fileEncoding = 4; lastKnownFileType = sourcecode.c.h; path = _sokol_gfx_d3d11.impl.h; sourceTree = "<group>"; };
		ED7DC50D1FDECBCC0057AE1D /* GlfwMonitor.h */ = {isa = PBXFileReference; lastKnownFileType = sourcecode.c.h; path = GlfwMonitor.h; sourceTree = "<group>"; };
		ED7DC50E1FDECBCC0057AE1D /* GlfwMonitor.m */ = {isa = PBXFileReference; lastKnownFileType = sourcecode.c.objc; path = GlfwMonitor.m; sourceTree = "<group>"; };
		ED7DC5121FDEE0690057AE1D /* nuklear.h */ = {isa = PBXFileReference; fileEncoding = 4; lastKnownFileType = sourcecode.c.h; path = nuklear.h; sourceTree = "<group>"; };
		ED7DC5131FDEFBB80057AE1D /* OpenGL.framework */ = {isa = PBXFileReference; lastKnownFileType = wrapper.framework; name = OpenGL.framework; path = System/Library/Frameworks/OpenGL.framework; sourceTree = SDKROOT; };
		ED7DC5151FDFF3C70057AE1D /* GlfwCursor.h */ = {isa = PBXFileReference; lastKnownFileType = sourcecode.c.h; path = GlfwCursor.h; sourceTree = "<group>"; };
		ED7DC5161FDFF3C70057AE1D /* GlfwCursor.m */ = {isa = PBXFileReference; lastKnownFileType = sourcecode.c.objc; path = GlfwCursor.m; sourceTree = "<group>"; };
		ED7DC5241FE020660057AE1D /* libObjGLFW.a */ = {isa = PBXFileReference; explicitFileType = archive.ar; includeInIndex = 0; path = libObjGLFW.a; sourceTree = BUILT_PRODUCTS_DIR; };
		ED7DC53D1FE020F60057AE1D /* nuklear */ = {isa = PBXFileReference; explicitFileType = "compiled.mach-o.executable"; includeInIndex = 0; path = nuklear; sourceTree = BUILT_PRODUCTS_DIR; };
		ED7DC5481FE021B00057AE1D /* libglfw.3.3.dylib */ = {isa = PBXFileReference; lastKnownFileType = "compiled.mach-o.dylib"; name = libglfw.3.3.dylib; path = ../../../usr/local/lib/libglfw.3.3.dylib; sourceTree = "<group>"; };
		ED7DC54F1FE023D30057AE1D /* gen_flextgl.sh */ = {isa = PBXFileReference; lastKnownFileType = text.script.sh; path = gen_flextgl.sh; sourceTree = "<group>"; };
		ED7DC5571FE02BC90057AE1D /* ObjGLFW.h */ = {isa = PBXFileReference; lastKnownFileType = sourcecode.c.h; path = ObjGLFW.h; sourceTree = "<group>"; };
		ED7DC55A1FE166330057AE1D /* main.m */ = {isa = PBXFileReference; lastKnownFileType = sourcecode.c.objc; path = main.m; sourceTree = "<group>"; };
		ED7DC55C1FE175890057AE1D /* libGLEW.2.1.0.dylib */ = {isa = PBXFileReference; lastKnownFileType = "compiled.mach-o.dylib"; name = libGLEW.2.1.0.dylib; path = ../../../usr/local/Cellar/glew/2.1.0/lib/libGLEW.2.1.0.dylib; sourceTree = "<group>"; };
		ED7DC5621FE187110057AE1D /* nuklear_sokol */ = {isa = PBXFileReference; explicitFileType = "compiled.mach-o.executable"; includeInIndex = 0; path = nuklear_sokol; sourceTree = BUILT_PRODUCTS_DIR; };
		EDF8C8F01FD70E16002CF9DC /* main_sokol.m */ = {isa = PBXFileReference; lastKnownFileType = sourcecode.c.objc; path = main_sokol.m; sourceTree = "<group>"; };
		EDF8C8F81FD70F08002CF9DC /* ObjFW.framework */ = {isa = PBXFileReference; lastKnownFileType = wrapper.framework; name = ObjFW.framework; path = ../../../Library/Frameworks/ObjFW.framework; sourceTree = "<group>"; };
		EDF8C8FA1FD70F2C002CF9DC /* GlfwApplication.h */ = {isa = PBXFileReference; lastKnownFileType = sourcecode.c.h; path = GlfwApplication.h; sourceTree = "<group>"; };
		EDF8C8FB1FD70F2C002CF9DC /* GlfwApplication.m */ = {isa = PBXFileReference; lastKnownFileType = sourcecode.c.objc; path = GlfwApplication.m; sourceTree = "<group>"; };
		EDF8C8FD1FD713BF002CF9DC /* sokol_time.h */ = {isa = PBXFileReference; fileEncoding = 4; lastKnownFileType = sourcecode.c.h; path = sokol_time.h; sourceTree = "<group>"; };
		EDF8C8FE1FD7EB3F002CF9DC /* GlfwWindowManager.h */ = {isa = PBXFileReference; lastKnownFileType = sourcecode.c.h; path = GlfwWindowManager.h; sourceTree = "<group>"; };
		EDF8C8FF1FD7EB3F002CF9DC /* GlfwWindowManager.m */ = {isa = PBXFileReference; lastKnownFileType = sourcecode.c.objc; path = GlfwWindowManager.m; sourceTree = "<group>"; };
		EDF8C9081FD947FC002CF9DC /* GlfwWindow.h */ = {isa = PBXFileReference; lastKnownFileType = sourcecode.c.h; path = GlfwWindow.h; sourceTree = "<group>"; };
		EDF8C9091FD947FC002CF9DC /* GlfwWindow.m */ = {isa = PBXFileReference; lastKnownFileType = sourcecode.c.objc; path = GlfwWindow.m; sourceTree = "<group>"; };
/* End PBXFileReference section */

/* Begin PBXFrameworksBuildPhase section */
		ED7DC5211FE020660057AE1D /* Frameworks */ = {
			isa = PBXFrameworksBuildPhase;
			buildActionMask = 2147483647;
			files = (
			);
			runOnlyForDeploymentPostprocessing = 0;
		};
		ED7DC53A1FE020F60057AE1D /* Frameworks */ = {
			isa = PBXFrameworksBuildPhase;
			buildActionMask = 2147483647;
			files = (
				140755571FE07E75007BF8B0 /* libObjGLFW.a in Frameworks */,
				ED7DC5471FE021570057AE1D /* ObjFW.framework in Frameworks */,
				ED7DC5491FE021B00057AE1D /* libglfw.3.3.dylib in Frameworks */,
				ED7DC54A1FE021BA0057AE1D /* OpenGL.framework in Frameworks */,
				ED7DC55D1FE175890057AE1D /* libGLEW.2.1.0.dylib in Frameworks */,
			);
			runOnlyForDeploymentPostprocessing = 0;
		};
		ED7DC55F1FE187110057AE1D /* Frameworks */ = {
			isa = PBXFrameworksBuildPhase;
			buildActionMask = 2147483647;
			files = (
				ED7DC56D1FE188160057AE1D /* libObjGLFW.a in Frameworks */,
				ED7DC56A1FE1872D0057AE1D /* ObjFW.framework in Frameworks */,
				ED7DC56B1FE187310057AE1D /* libglfw.3.3.dylib in Frameworks */,
				ED7DC56C1FE187350057AE1D /* OpenGL.framework in Frameworks */,
			);
			runOnlyForDeploymentPostprocessing = 0;
		};
/* End PBXFrameworksBuildPhase section */

/* Begin PBXGroup section */
		ED7DC5101FDEDFF80057AE1D /* Examples */ = {
			isa = PBXGroup;
			children = (
				ED7DC5111FDEE0090057AE1D /* nuklear */,
			);
			name = Examples;
			sourceTree = "<group>";
		};
		ED7DC5111FDEE0090057AE1D /* nuklear */ = {
			isa = PBXGroup;
			children = (
				1407555C1FE08854007BF8B0 /* _sokol_gfx_d3d11.impl.h */,
				1407555B1FE08854007BF8B0 /* _sokol_gfx_gl.impl.h */,
				140755581FE08853007BF8B0 /* _sokol_gfx_metal.impl.h */,
				140755591FE08853007BF8B0 /* _sokol_gfx.impl.h */,
				1407555A1FE08854007BF8B0 /* sokol_gfx.h */,
				ED7DC5121FDEE0690057AE1D /* nuklear.h */,
				EDF8C8F01FD70E16002CF9DC /* main_sokol.m */,
				ED7DC55A1FE166330057AE1D /* main.m */,
			);
			path = nuklear;
			sourceTree = "<group>";
		};
		EDF8C8E41FD70E16002CF9DC = {
			isa = PBXGroup;
			children = (
				ED7DC5101FDEDFF80057AE1D /* Examples */,
				EDF8C8EF1FD70E16002CF9DC /* ObjGLFW */,
				EDF8C8EE1FD70E16002CF9DC /* Products */,
				EDF8C8F71FD70F07002CF9DC /* Frameworks */,
			);
			sourceTree = "<group>";
		};
		EDF8C8EE1FD70E16002CF9DC /* Products */ = {
			isa = PBXGroup;
			children = (
				ED7DC5241FE020660057AE1D /* libObjGLFW.a */,
				ED7DC53D1FE020F60057AE1D /* nuklear */,
				ED7DC5621FE187110057AE1D /* nuklear_sokol */,
			);
			name = Products;
			sourceTree = "<group>";
		};
		EDF8C8EF1FD70E16002CF9DC /* ObjGLFW */ = {
			isa = PBXGroup;
			children = (
				ED7DC5571FE02BC90057AE1D /* ObjGLFW.h */,
				EDF8C8FD1FD713BF002CF9DC /* sokol_time.h */,
				140755461FD74A38007BF8B0 /* GlfwGeometry.h */,
				EDF8C8FA1FD70F2C002CF9DC /* GlfwApplication.h */,
				EDF8C8FB1FD70F2C002CF9DC /* GlfwApplication.m */,
				1407554A1FD89271007BF8B0 /* GlfwEventHandling.h */,
				1407554B1FD8929A007BF8B0 /* GlfwDrawing.h */,
				EDF8C8FE1FD7EB3F002CF9DC /* GlfwWindowManager.h */,
				EDF8C8FF1FD7EB3F002CF9DC /* GlfwWindowManager.m */,
				ED7DC50D1FDECBCC0057AE1D /* GlfwMonitor.h */,
				ED7DC50E1FDECBCC0057AE1D /* GlfwMonitor.m */,
				1407553E1FD73434007BF8B0 /* GlfwRawWindow.h */,
				1407553F1FD73434007BF8B0 /* GlfwRawWindow.m */,
				EDF8C9081FD947FC002CF9DC /* GlfwWindow.h */,
				EDF8C9091FD947FC002CF9DC /* GlfwWindow.m */,
				ED7DC5151FDFF3C70057AE1D /* GlfwCursor.h */,
				ED7DC5161FDFF3C70057AE1D /* GlfwCursor.m */,
				140755411FD73453007BF8B0 /* GlfwEvent.h */,
				140755421FD73453007BF8B0 /* GlfwEvent.m */,
				ED7DC54F1FE023D30057AE1D /* gen_flextgl.sh */,
			);
			path = ObjGLFW;
			sourceTree = "<group>";
		};
		EDF8C8F71FD70F07002CF9DC /* Frameworks */ = {
			isa = PBXGroup;
			children = (
				ED7DC55C1FE175890057AE1D /* libGLEW.2.1.0.dylib */,
				ED7DC5481FE021B00057AE1D /* libglfw.3.3.dylib */,
				ED7DC5131FDEFBB80057AE1D /* OpenGL.framework */,
				EDF8C8F81FD70F08002CF9DC /* ObjFW.framework */,
			);
			name = Frameworks;
			sourceTree = "<group>";
		};
/* End PBXGroup section */

/* Begin PBXHeadersBuildPhase section */
		ED7DC5221FE020660057AE1D /* Headers */ = {
			isa = PBXHeadersBuildPhase;
			buildActionMask = 2147483647;
			files = (
				ED7DC6031FE2C81A0057AE1D /* GlfwGeometry.h in Headers */,
				1407555E1FE08854007BF8B0 /* _sokol_gfx.impl.h in Headers */,
				1407555F1FE08854007BF8B0 /* sokol_gfx.h in Headers */,
				ED7DC60B1FE2C81A0057AE1D /* GlfwEvent.h in Headers */,
				ED7DC6061FE2C81A0057AE1D /* GlfwWindowManager.h in Headers */,
				ED7DC6091FE2C81A0057AE1D /* GlfwWindow.h in Headers */,
				ED7DC6011FE2C81A0057AE1D /* ObjGLFW.h in Headers */,
				ED7DC60A1FE2C81A0057AE1D /* GlfwCursor.h in Headers */,
				1407555D1FE08854007BF8B0 /* _sokol_gfx_metal.impl.h in Headers */,
				ED7DC6041FE2C81A0057AE1D /* GlfwApplication.h in Headers */,
				ED7DC6071FE2C81A0057AE1D /* GlfwMonitor.h in Headers */,
				140755601FE08854007BF8B0 /* _sokol_gfx_gl.impl.h in Headers */,
				ED7DC6081FE2C81A0057AE1D /* GlfwRawWindow.h in Headers */,
				140755611FE08854007BF8B0 /* _sokol_gfx_d3d11.impl.h in Headers */,
				ED7DC6051FE2C81A0057AE1D /* GlfwEventHandling.h in Headers */,
				ED7DC6021FE2C81A0057AE1D /* sokol_time.h in Headers */,
			);
			runOnlyForDeploymentPostprocessing = 0;
		};
/* End PBXHeadersBuildPhase section */

/* Begin PBXNativeTarget section */
		ED7DC5231FE020660057AE1D /* ObjGLFW */ = {
			isa = PBXNativeTarget;
			buildConfigurationList = ED7DC5251FE020660057AE1D /* Build configuration list for PBXNativeTarget "ObjGLFW" */;
			buildPhases = (
				ED7DC5201FE020660057AE1D /* Sources */,
				ED7DC5211FE020660057AE1D /* Frameworks */,
				ED7DC5221FE020660057AE1D /* Headers */,
			);
			buildRules = (
			);
			dependencies = (
			);
			name = ObjGLFW;
			productName = libObjGLFW;
			productReference = ED7DC5241FE020660057AE1D /* libObjGLFW.a */;
			productType = "com.apple.product-type.library.static";
		};
		ED7DC53C1FE020F60057AE1D /* nuklear */ = {
			isa = PBXNativeTarget;
			buildConfigurationList = ED7DC5411FE020F60057AE1D /* Build configuration list for PBXNativeTarget "nuklear" */;
			buildPhases = (
				ED7DC5391FE020F60057AE1D /* Sources */,
				ED7DC53A1FE020F60057AE1D /* Frameworks */,
				ED7DC53B1FE020F60057AE1D /* CopyFiles */,
			);
			buildRules = (
			);
			dependencies = (
				ED7DC54C1FE021E20057AE1D /* PBXTargetDependency */,
			);
			name = nuklear;
			productName = nuklear;
			productReference = ED7DC53D1FE020F60057AE1D /* nuklear */;
			productType = "com.apple.product-type.tool";
		};
		ED7DC5611FE187110057AE1D /* nuklear_sokol */ = {
			isa = PBXNativeTarget;
			buildConfigurationList = ED7DC5661FE187110057AE1D /* Build configuration list for PBXNativeTarget "nuklear_sokol" */;
			buildPhases = (
				ED7DC55E1FE187110057AE1D /* Sources */,
				ED7DC55F1FE187110057AE1D /* Frameworks */,
				ED7DC5601FE187110057AE1D /* CopyFiles */,
			);
			buildRules = (
			);
			dependencies = (
			);
			name = nuklear_sokol;
			productName = nuklear_sokol;
			productReference = ED7DC5621FE187110057AE1D /* nuklear_sokol */;
			productType = "com.apple.product-type.tool";
		};
/* End PBXNativeTarget section */

/* Begin PBXProject section */
		EDF8C8E51FD70E16002CF9DC /* Project object */ = {
			isa = PBXProject;
			attributes = {
				LastUpgradeCheck = 0910;
				ORGANIZATIONNAME = GunGraveKoga;
				TargetAttributes = {
					ED7DC5231FE020660057AE1D = {
						CreatedOnToolsVersion = 9.1;
						ProvisioningStyle = Automatic;
					};
					ED7DC53C1FE020F60057AE1D = {
						CreatedOnToolsVersion = 9.1;
						ProvisioningStyle = Automatic;
					};
					ED7DC5611FE187110057AE1D = {
						CreatedOnToolsVersion = 9.1;
						ProvisioningStyle = Automatic;
					};
				};
			};
			buildConfigurationList = EDF8C8E81FD70E16002CF9DC /* Build configuration list for PBXProject "ObjGLFW" */;
			compatibilityVersion = "Xcode 8.0";
			developmentRegion = en;
			hasScannedForEncodings = 0;
			knownRegions = (
				en,
			);
			mainGroup = EDF8C8E41FD70E16002CF9DC;
			productRefGroup = EDF8C8EE1FD70E16002CF9DC /* Products */;
			projectDirPath = "";
			projectRoot = "";
			targets = (
				ED7DC5231FE020660057AE1D /* ObjGLFW */,
				ED7DC53C1FE020F60057AE1D /* nuklear */,
				ED7DC5611FE187110057AE1D /* nuklear_sokol */,
			);
		};
/* End PBXProject section */

/* Begin PBXSourcesBuildPhase section */
		ED7DC5201FE020660057AE1D /* Sources */ = {
			isa = PBXSourcesBuildPhase;
			buildActionMask = 2147483647;
			files = (
				ED7DC5281FE020720057AE1D /* GlfwApplication.m in Sources */,
				ED7DC5291FE020780057AE1D /* GlfwWindowManager.m in Sources */,
				ED7DC52A1FE020830057AE1D /* GlfwMonitor.m in Sources */,
				ED7DC52B1FE020860057AE1D /* GlfwRawWindow.m in Sources */,
				ED7DC52C1FE0208B0057AE1D /* GlfwWindow.m in Sources */,
				ED7DC52D1FE0208F0057AE1D /* GlfwCursor.m in Sources */,
				ED7DC52E1FE020940057AE1D /* GlfwEvent.m in Sources */,
			);
			runOnlyForDeploymentPostprocessing = 0;
		};
		ED7DC5391FE020F60057AE1D /* Sources */ = {
			isa = PBXSourcesBuildPhase;
			buildActionMask = 2147483647;
			files = (
				ED7DC55B1FE166330057AE1D /* main.m in Sources */,
			);
			runOnlyForDeploymentPostprocessing = 0;
		};
		ED7DC55E1FE187110057AE1D /* Sources */ = {
			isa = PBXSourcesBuildPhase;
			buildActionMask = 2147483647;
			files = (
				ED7DC5691FE187240057AE1D /* main_sokol.m in Sources */,
			);
			runOnlyForDeploymentPostprocessing = 0;
		};
/* End PBXSourcesBuildPhase section */

/* Begin PBXTargetDependency section */
		ED7DC54C1FE021E20057AE1D /* PBXTargetDependency */ = {
			isa = PBXTargetDependency;
			target = ED7DC5231FE020660057AE1D /* ObjGLFW */;
			targetProxy = ED7DC54B1FE021E20057AE1D /* PBXContainerItemProxy */;
		};
/* End PBXTargetDependency section */

/* Begin XCBuildConfiguration section */
		ED7DC5261FE020660057AE1D /* Debug */ = {
			isa = XCBuildConfiguration;
			buildSettings = {
				CLANG_WARN_DOCUMENTATION_COMMENTS = YES;
				CODE_SIGN_IDENTITY = "-";
				CODE_SIGN_STYLE = Automatic;
				EXECUTABLE_PREFIX = lib;
				MACOSX_DEPLOYMENT_TARGET = 10.13;
				PRODUCT_NAME = "$(TARGET_NAME)";
			};
			name = Debug;
		};
		ED7DC5271FE020660057AE1D /* Release */ = {
			isa = XCBuildConfiguration;
			buildSettings = {
				CLANG_WARN_DOCUMENTATION_COMMENTS = YES;
				CODE_SIGN_IDENTITY = "-";
				CODE_SIGN_STYLE = Automatic;
				EXECUTABLE_PREFIX = lib;
				MACOSX_DEPLOYMENT_TARGET = 10.13;
				PRODUCT_NAME = "$(TARGET_NAME)";
			};
			name = Release;
		};
		ED7DC5421FE020F60057AE1D /* Debug */ = {
			isa = XCBuildConfiguration;
			buildSettings = {
				CLANG_WARN_DOCUMENTATION_COMMENTS = YES;
				CODE_SIGN_IDENTITY = "-";
				CODE_SIGN_STYLE = Automatic;
				FRAMEWORK_SEARCH_PATHS = (
					"$(inherited)",
					"$(LOCAL_LIBRARY_DIR)/Frameworks",
				);
				LIBRARY_SEARCH_PATHS = (
					"$(inherited)",
					/usr/local/Cellar/glew/2.1.0/lib,
				);
				MACOSX_DEPLOYMENT_TARGET = 10.7;
				PRODUCT_NAME = "$(TARGET_NAME)";
				USER_HEADER_SEARCH_PATHS = "${SOURCE_ROOT}/ObjGLFW";
			};
			name = Debug;
		};
		ED7DC5431FE020F60057AE1D /* Release */ = {
			isa = XCBuildConfiguration;
			buildSettings = {
				CLANG_WARN_DOCUMENTATION_COMMENTS = YES;
				CODE_SIGN_IDENTITY = "-";
				CODE_SIGN_STYLE = Automatic;
				FRAMEWORK_SEARCH_PATHS = (
					"$(inherited)",
					"$(LOCAL_LIBRARY_DIR)/Frameworks",
				);
				LIBRARY_SEARCH_PATHS = (
					"$(inherited)",
					/usr/local/Cellar/glew/2.1.0/lib,
				);
				MACOSX_DEPLOYMENT_TARGET = 10.7;
				PRODUCT_NAME = "$(TARGET_NAME)";
				USER_HEADER_SEARCH_PATHS = "${SOURCE_ROOT}/ObjGLFW";
			};
			name = Release;
		};
		ED7DC5671FE187110057AE1D /* Debug */ = {
			isa = XCBuildConfiguration;
			buildSettings = {
				CLANG_WARN_DOCUMENTATION_COMMENTS = YES;
				CODE_SIGN_IDENTITY = "-";
				CODE_SIGN_STYLE = Automatic;
				FRAMEWORK_SEARCH_PATHS = (
					"$(inherited)",
					"$(LOCAL_LIBRARY_DIR)/Frameworks",
				);
				MACOSX_DEPLOYMENT_TARGET = 10.7;
				PRODUCT_NAME = "$(TARGET_NAME)";
				USER_HEADER_SEARCH_PATHS = "${SOURCE_ROOT}/ObjGLFW";
			};
			name = Debug;
		};
		ED7DC5681FE187110057AE1D /* Release */ = {
			isa = XCBuildConfiguration;
			buildSettings = {
				CLANG_WARN_DOCUMENTATION_COMMENTS = YES;
				CODE_SIGN_IDENTITY = "-";
				CODE_SIGN_STYLE = Automatic;
				FRAMEWORK_SEARCH_PATHS = (
					"$(inherited)",
					"$(LOCAL_LIBRARY_DIR)/Frameworks",
				);
				MACOSX_DEPLOYMENT_TARGET = 10.7;
				PRODUCT_NAME = "$(TARGET_NAME)";
				USER_HEADER_SEARCH_PATHS = "${SOURCE_ROOT}/ObjGLFW";
			};
			name = Release;
		};
		EDF8C8F21FD70E16002CF9DC /* Debug */ = {
			isa = XCBuildConfiguration;
			buildSettings = {
				ALWAYS_SEARCH_USER_PATHS = NO;
				CLANG_ANALYZER_NONNULL = YES;
				CLANG_ANALYZER_NUMBER_OBJECT_CONVERSION = YES_AGGRESSIVE;
				CLANG_CXX_LANGUAGE_STANDARD = "gnu++14";
				CLANG_CXX_LIBRARY = "libc++";
				CLANG_ENABLE_MODULES = YES;
				CLANG_ENABLE_OBJC_ARC = YES;
				CLANG_WARN_BLOCK_CAPTURE_AUTORELEASING = YES;
				CLANG_WARN_BOOL_CONVERSION = YES;
				CLANG_WARN_COMMA = YES;
				CLANG_WARN_CONSTANT_CONVERSION = YES;
				CLANG_WARN_DIRECT_OBJC_ISA_USAGE = YES_ERROR;
				CLANG_WARN_DOCUMENTATION_COMMENTS = NO;
				CLANG_WARN_EMPTY_BODY = YES;
				CLANG_WARN_ENUM_CONVERSION = YES;
				CLANG_WARN_INFINITE_RECURSION = YES;
				CLANG_WARN_INT_CONVERSION = YES;
				CLANG_WARN_NON_LITERAL_NULL_CONVERSION = YES;
				CLANG_WARN_OBJC_LITERAL_CONVERSION = YES;
				CLANG_WARN_OBJC_ROOT_CLASS = YES_ERROR;
				CLANG_WARN_RANGE_LOOP_ANALYSIS = YES;
				CLANG_WARN_STRICT_PROTOTYPES = YES;
				CLANG_WARN_SUSPICIOUS_MOVE = YES;
				CLANG_WARN_UNGUARDED_AVAILABILITY = YES_AGGRESSIVE;
				CLANG_WARN_UNREACHABLE_CODE = YES;
				CLANG_WARN__DUPLICATE_METHOD_MATCH = YES;
				CODE_SIGN_IDENTITY = "";
				COPY_PHASE_STRIP = NO;
				DEBUG_INFORMATION_FORMAT = dwarf;
				ENABLE_STRICT_OBJC_MSGSEND = YES;
				ENABLE_TESTABILITY = YES;
				FRAMEWORK_SEARCH_PATHS = /Library/Frameworks;
				GCC_C_LANGUAGE_STANDARD = gnu11;
				GCC_DYNAMIC_NO_PIC = NO;
				GCC_NO_COMMON_BLOCKS = YES;
				GCC_OPTIMIZATION_LEVEL = 0;
				GCC_PREPROCESSOR_DEFINITIONS = (
					"DEBUG=1",
					"$(inherited)",
				);
				GCC_WARN_64_TO_32_BIT_CONVERSION = YES;
				GCC_WARN_ABOUT_RETURN_TYPE = YES_ERROR;
				GCC_WARN_UNDECLARED_SELECTOR = YES;
				GCC_WARN_UNINITIALIZED_AUTOS = YES_AGGRESSIVE;
				GCC_WARN_UNUSED_FUNCTION = YES;
				GCC_WARN_UNUSED_VARIABLE = YES;
				HEADER_SEARCH_PATHS = /usr/local/include;
				LIBRARY_SEARCH_PATHS = /usr/local/lib;
				MACOSX_DEPLOYMENT_TARGET = 10.7;
				MTL_ENABLE_DEBUG_INFO = YES;
				ONLY_ACTIVE_ARCH = YES;
				OTHER_CFLAGS = (
					"-fconstant-string-class=OFConstantString",
					"-fno-constant-cfstrings",
					"-fblocks",
					"-fno-objc-arc",
					"-fno-modules",
				);
				SDKROOT = macosx;
			};
			name = Debug;
		};
		EDF8C8F31FD70E16002CF9DC /* Release */ = {
			isa = XCBuildConfiguration;
			buildSettings = {
				ALWAYS_SEARCH_USER_PATHS = NO;
				CLANG_ANALYZER_NONNULL = YES;
				CLANG_ANALYZER_NUMBER_OBJECT_CONVERSION = YES_AGGRESSIVE;
				CLANG_CXX_LANGUAGE_STANDARD = "gnu++14";
				CLANG_CXX_LIBRARY = "libc++";
				CLANG_ENABLE_MODULES = YES;
				CLANG_ENABLE_OBJC_ARC = YES;
				CLANG_WARN_BLOCK_CAPTURE_AUTORELEASING = YES;
				CLANG_WARN_BOOL_CONVERSION = YES;
				CLANG_WARN_COMMA = YES;
				CLANG_WARN_CONSTANT_CONVERSION = YES;
				CLANG_WARN_DIRECT_OBJC_ISA_USAGE = YES_ERROR;
				CLANG_WARN_DOCUMENTATION_COMMENTS = NO;
				CLANG_WARN_EMPTY_BODY = YES;
				CLANG_WARN_ENUM_CONVERSION = YES;
				CLANG_WARN_INFINITE_RECURSION = YES;
				CLANG_WARN_INT_CONVERSION = YES;
				CLANG_WARN_NON_LITERAL_NULL_CONVERSION = YES;
				CLANG_WARN_OBJC_LITERAL_CONVERSION = YES;
				CLANG_WARN_OBJC_ROOT_CLASS = YES_ERROR;
				CLANG_WARN_RANGE_LOOP_ANALYSIS = YES;
				CLANG_WARN_STRICT_PROTOTYPES = YES;
				CLANG_WARN_SUSPICIOUS_MOVE = YES;
				CLANG_WARN_UNGUARDED_AVAILABILITY = YES_AGGRESSIVE;
				CLANG_WARN_UNREACHABLE_CODE = YES;
				CLANG_WARN__DUPLICATE_METHOD_MATCH = YES;
				CODE_SIGN_IDENTITY = "";
				COPY_PHASE_STRIP = NO;
				DEBUG_INFORMATION_FORMAT = "dwarf-with-dsym";
				ENABLE_NS_ASSERTIONS = NO;
				ENABLE_STRICT_OBJC_MSGSEND = YES;
				FRAMEWORK_SEARCH_PATHS = /Library/Frameworks;
				GCC_C_LANGUAGE_STANDARD = gnu11;
				GCC_NO_COMMON_BLOCKS = YES;
				GCC_WARN_64_TO_32_BIT_CONVERSION = YES;
				GCC_WARN_ABOUT_RETURN_TYPE = YES_ERROR;
				GCC_WARN_UNDECLARED_SELECTOR = YES;
				GCC_WARN_UNINITIALIZED_AUTOS = YES_AGGRESSIVE;
				GCC_WARN_UNUSED_FUNCTION = YES;
				GCC_WARN_UNUSED_VARIABLE = YES;
				HEADER_SEARCH_PATHS = /usr/local/include;
				LIBRARY_SEARCH_PATHS = /usr/local/lib;
				MACOSX_DEPLOYMENT_TARGET = 10.7;
				MTL_ENABLE_DEBUG_INFO = NO;
				OTHER_CFLAGS = (
					"-fconstant-string-class=OFConstantString",
					"-fno-constant-cfstrings",
					"-fblocks",
					"-fno-objc-arc",
					"-fno-modules",
				);
				SDKROOT = macosx;
			};
			name = Release;
		};
/* End XCBuildConfiguration section */

/* Begin XCConfigurationList section */
		ED7DC5251FE020660057AE1D /* Build configuration list for PBXNativeTarget "ObjGLFW" */ = {
			isa = XCConfigurationList;
			buildConfigurations = (
				ED7DC5261FE020660057AE1D /* Debug */,
				ED7DC5271FE020660057AE1D /* Release */,
			);
			defaultConfigurationIsVisible = 0;
			defaultConfigurationName = Release;
		};
		ED7DC5411FE020F60057AE1D /* Build configuration list for PBXNativeTarget "nuklear" */ = {
			isa = XCConfigurationList;
			buildConfigurations = (
				ED7DC5421FE020F60057AE1D /* Debug */,
				ED7DC5431FE020F60057AE1D /* Release */,
			);
			defaultConfigurationIsVisible = 0;
			defaultConfigurationName = Release;
		};
		ED7DC5661FE187110057AE1D /* Build configuration list for PBXNativeTarget "nuklear_sokol" */ = {
			isa = XCConfigurationList;
			buildConfigurations = (
				ED7DC5671FE187110057AE1D /* Debug */,
				ED7DC5681FE187110057AE1D /* Release */,
			);
			defaultConfigurationIsVisible = 0;
			defaultConfigurationName = Release;
		};
		EDF8C8E81FD70E16002CF9DC /* Build configuration list for PBXProject "ObjGLFW" */ = {
			isa = XCConfigurationList;
			buildConfigurations = (
				EDF8C8F21FD70E16002CF9DC /* Debug */,
				EDF8C8F31FD70E16002CF9DC /* Release */,
			);
			defaultConfigurationIsVisible = 0;
			defaultConfigurationName = Release;
		};
/* End XCConfigurationList section */
	};
	rootObject = EDF8C8E51FD70E16002CF9DC /* Project object */;
}
