// !$*UTF8*$!
{
	archiveVersion = 1;
	classes = {
	};
	objectVersion = 48;
	objects = {

/* Begin PBXBuildFile section */
		140755401FD73434007BF8B0 /* GlfwRawWindow.m in Sources */ = {isa = PBXBuildFile; fileRef = 1407553F1FD73434007BF8B0 /* GlfwRawWindow.m */; };
		140755431FD73453007BF8B0 /* GlfwEvent.m in Sources */ = {isa = PBXBuildFile; fileRef = 140755421FD73453007BF8B0 /* GlfwEvent.m */; };
		140755451FD734DB007BF8B0 /* sokol_imp.m in Sources */ = {isa = PBXBuildFile; fileRef = 140755441FD734DB007BF8B0 /* sokol_imp.m */; };
		ED7DC50F1FDECBCC0057AE1D /* GlfwMonitor.m in Sources */ = {isa = PBXBuildFile; fileRef = ED7DC50E1FDECBCC0057AE1D /* GlfwMonitor.m */; };
		EDF8C8F11FD70E16002CF9DC /* main.m in Sources */ = {isa = PBXBuildFile; fileRef = EDF8C8F01FD70E16002CF9DC /* main.m */; };
		EDF8C8F91FD70F08002CF9DC /* ObjFW.framework in Frameworks */ = {isa = PBXBuildFile; fileRef = EDF8C8F81FD70F08002CF9DC /* ObjFW.framework */; };
		EDF8C8FC1FD70F2C002CF9DC /* GlfwApplication.m in Sources */ = {isa = PBXBuildFile; fileRef = EDF8C8FB1FD70F2C002CF9DC /* GlfwApplication.m */; };
		EDF8C9001FD7EB3F002CF9DC /* GlfwWindowManager.m in Sources */ = {isa = PBXBuildFile; fileRef = EDF8C8FF1FD7EB3F002CF9DC /* GlfwWindowManager.m */; };
		EDF8C90A1FD947FC002CF9DC /* GlfwWindow.m in Sources */ = {isa = PBXBuildFile; fileRef = EDF8C9091FD947FC002CF9DC /* GlfwWindow.m */; };
/* End PBXBuildFile section */

/* Begin PBXCopyFilesBuildPhase section */
		EDF8C8EB1FD70E16002CF9DC /* CopyFiles */ = {
			isa = PBXCopyFilesBuildPhase;
			buildActionMask = 2147483647;
			dstPath = /usr/share/man/man1/;
			dstSubfolderSpec = 0;
			files = (
			);
			runOnlyForDeploymentPostprocessing = 1;
		};
/* End PBXCopyFilesBuildPhase section */

/* Begin PBXFileReference section */
		1407553E1FD73434007BF8B0 /* GlfwRawWindow.h */ = {isa = PBXFileReference; lastKnownFileType = sourcecode.c.h; path = GlfwRawWindow.h; sourceTree = "<group>"; };
		1407553F1FD73434007BF8B0 /* GlfwRawWindow.m */ = {isa = PBXFileReference; lastKnownFileType = sourcecode.c.objc; path = GlfwRawWindow.m; sourceTree = "<group>"; };
		140755411FD73453007BF8B0 /* GlfwEvent.h */ = {isa = PBXFileReference; lastKnownFileType = sourcecode.c.h; path = GlfwEvent.h; sourceTree = "<group>"; };
		140755421FD73453007BF8B0 /* GlfwEvent.m */ = {isa = PBXFileReference; lastKnownFileType = sourcecode.c.objc; path = GlfwEvent.m; sourceTree = "<group>"; };
		140755441FD734DB007BF8B0 /* sokol_imp.m */ = {isa = PBXFileReference; lastKnownFileType = sourcecode.c.objc; path = sokol_imp.m; sourceTree = "<group>"; };
		140755461FD74A38007BF8B0 /* GlfwGeometry.h */ = {isa = PBXFileReference; lastKnownFileType = sourcecode.c.h; path = GlfwGeometry.h; sourceTree = "<group>"; };
		1407554A1FD89271007BF8B0 /* GlfwEventHandling.h */ = {isa = PBXFileReference; lastKnownFileType = sourcecode.c.h; path = GlfwEventHandling.h; sourceTree = "<group>"; };
		1407554B1FD8929A007BF8B0 /* GlfwDrawing.h */ = {isa = PBXFileReference; lastKnownFileType = sourcecode.c.h; path = GlfwDrawing.h; sourceTree = "<group>"; };
		ED7DC50D1FDECBCC0057AE1D /* GlfwMonitor.h */ = {isa = PBXFileReference; lastKnownFileType = sourcecode.c.h; path = GlfwMonitor.h; sourceTree = "<group>"; };
		ED7DC50E1FDECBCC0057AE1D /* GlfwMonitor.m */ = {isa = PBXFileReference; lastKnownFileType = sourcecode.c.objc; path = GlfwMonitor.m; sourceTree = "<group>"; };
		EDF8C8ED1FD70E16002CF9DC /* ObjGLFW */ = {isa = PBXFileReference; explicitFileType = "compiled.mach-o.executable"; includeInIndex = 0; path = ObjGLFW; sourceTree = BUILT_PRODUCTS_DIR; };
		EDF8C8F01FD70E16002CF9DC /* main.m */ = {isa = PBXFileReference; lastKnownFileType = sourcecode.c.objc; path = main.m; sourceTree = "<group>"; };
		EDF8C8F81FD70F08002CF9DC /* ObjFW.framework */ = {isa = PBXFileReference; lastKnownFileType = wrapper.framework; name = ObjFW.framework; path = ../../../Library/Frameworks/ObjFW.framework; sourceTree = "<group>"; };
		EDF8C8FA1FD70F2C002CF9DC /* GlfwApplication.h */ = {isa = PBXFileReference; lastKnownFileType = sourcecode.c.h; path = GlfwApplication.h; sourceTree = "<group>"; };
		EDF8C8FB1FD70F2C002CF9DC /* GlfwApplication.m */ = {isa = PBXFileReference; lastKnownFileType = sourcecode.c.objc; path = GlfwApplication.m; sourceTree = "<group>"; };
		EDF8C8FD1FD713BF002CF9DC /* sokol_time.h */ = {isa = PBXFileReference; fileEncoding = 4; lastKnownFileType = sourcecode.c.h; path = sokol_time.h; sourceTree = "<group>"; };
		EDF8C8FE1FD7EB3F002CF9DC /* GlfwWindowManager.h */ = {isa = PBXFileReference; lastKnownFileType = sourcecode.c.h; path = GlfwWindowManager.h; sourceTree = "<group>"; };
		EDF8C8FF1FD7EB3F002CF9DC /* GlfwWindowManager.m */ = {isa = PBXFileReference; lastKnownFileType = sourcecode.c.objc; path = GlfwWindowManager.m; sourceTree = "<group>"; };
		EDF8C9081FD947FC002CF9DC /* GlfwWindow.h */ = {isa = PBXFileReference; lastKnownFileType = sourcecode.c.h; path = GlfwWindow.h; sourceTree = "<group>"; };
		EDF8C9091FD947FC002CF9DC /* GlfwWindow.m */ = {isa = PBXFileReference; lastKnownFileType = sourcecode.c.objc; path = GlfwWindow.m; sourceTree = "<group>"; };
/* End PBXFileReference section */

/* Begin PBXFrameworksBuildPhase section */
		EDF8C8EA1FD70E16002CF9DC /* Frameworks */ = {
			isa = PBXFrameworksBuildPhase;
			buildActionMask = 2147483647;
			files = (
				EDF8C8F91FD70F08002CF9DC /* ObjFW.framework in Frameworks */,
			);
			runOnlyForDeploymentPostprocessing = 0;
		};
/* End PBXFrameworksBuildPhase section */

/* Begin PBXGroup section */
		EDF8C8E41FD70E16002CF9DC = {
			isa = PBXGroup;
			children = (
				EDF8C8EF1FD70E16002CF9DC /* ObjGLFW */,
				EDF8C8EE1FD70E16002CF9DC /* Products */,
				EDF8C8F71FD70F07002CF9DC /* Frameworks */,
			);
			sourceTree = "<group>";
		};
		EDF8C8EE1FD70E16002CF9DC /* Products */ = {
			isa = PBXGroup;
			children = (
				EDF8C8ED1FD70E16002CF9DC /* ObjGLFW */,
			);
			name = Products;
			sourceTree = "<group>";
		};
		EDF8C8EF1FD70E16002CF9DC /* ObjGLFW */ = {
			isa = PBXGroup;
			children = (
				EDF8C8FD1FD713BF002CF9DC /* sokol_time.h */,
				EDF8C8F01FD70E16002CF9DC /* main.m */,
				140755461FD74A38007BF8B0 /* GlfwGeometry.h */,
				EDF8C8FA1FD70F2C002CF9DC /* GlfwApplication.h */,
				EDF8C8FB1FD70F2C002CF9DC /* GlfwApplication.m */,
				1407554A1FD89271007BF8B0 /* GlfwEventHandling.h */,
				1407554B1FD8929A007BF8B0 /* GlfwDrawing.h */,
				EDF8C8FE1FD7EB3F002CF9DC /* GlfwWindowManager.h */,
				EDF8C8FF1FD7EB3F002CF9DC /* GlfwWindowManager.m */,
				ED7DC50D1FDECBCC0057AE1D /* GlfwMonitor.h */,
				ED7DC50E1FDECBCC0057AE1D /* GlfwMonitor.m */,
				1407553E1FD73434007BF8B0 /* GlfwRawWindow.h */,
				1407553F1FD73434007BF8B0 /* GlfwRawWindow.m */,
				EDF8C9081FD947FC002CF9DC /* GlfwWindow.h */,
				EDF8C9091FD947FC002CF9DC /* GlfwWindow.m */,
				140755411FD73453007BF8B0 /* GlfwEvent.h */,
				140755421FD73453007BF8B0 /* GlfwEvent.m */,
				140755441FD734DB007BF8B0 /* sokol_imp.m */,
			);
			path = ObjGLFW;
			sourceTree = "<group>";
		};
		EDF8C8F71FD70F07002CF9DC /* Frameworks */ = {
			isa = PBXGroup;
			children = (
				EDF8C8F81FD70F08002CF9DC /* ObjFW.framework */,
			);
			name = Frameworks;
			sourceTree = "<group>";
		};
/* End PBXGroup section */

/* Begin PBXNativeTarget section */
		EDF8C8EC1FD70E16002CF9DC /* ObjGLFW */ = {
			isa = PBXNativeTarget;
			buildConfigurationList = EDF8C8F41FD70E16002CF9DC /* Build configuration list for PBXNativeTarget "ObjGLFW" */;
			buildPhases = (
				EDF8C8E91FD70E16002CF9DC /* Sources */,
				EDF8C8EA1FD70E16002CF9DC /* Frameworks */,
				EDF8C8EB1FD70E16002CF9DC /* CopyFiles */,
			);
			buildRules = (
			);
			dependencies = (
			);
			name = ObjGLFW;
			productName = ObjGLFW;
			productReference = EDF8C8ED1FD70E16002CF9DC /* ObjGLFW */;
			productType = "com.apple.product-type.tool";
		};
/* End PBXNativeTarget section */

/* Begin PBXProject section */
		EDF8C8E51FD70E16002CF9DC /* Project object */ = {
			isa = PBXProject;
			attributes = {
				LastUpgradeCheck = 0910;
				ORGANIZATIONNAME = GunGraveKoga;
				TargetAttributes = {
					EDF8C8EC1FD70E16002CF9DC = {
						CreatedOnToolsVersion = 9.1;
						ProvisioningStyle = Automatic;
					};
				};
			};
			buildConfigurationList = EDF8C8E81FD70E16002CF9DC /* Build configuration list for PBXProject "ObjGLFW" */;
			compatibilityVersion = "Xcode 8.0";
			developmentRegion = en;
			hasScannedForEncodings = 0;
			knownRegions = (
				en,
			);
			mainGroup = EDF8C8E41FD70E16002CF9DC;
			productRefGroup = EDF8C8EE1FD70E16002CF9DC /* Products */;
			projectDirPath = "";
			projectRoot = "";
			targets = (
				EDF8C8EC1FD70E16002CF9DC /* ObjGLFW */,
			);
		};
/* End PBXProject section */

/* Begin PBXSourcesBuildPhase section */
		EDF8C8E91FD70E16002CF9DC /* Sources */ = {
			isa = PBXSourcesBuildPhase;
			buildActionMask = 2147483647;
			files = (
				EDF8C90A1FD947FC002CF9DC /* GlfwWindow.m in Sources */,
				EDF8C9001FD7EB3F002CF9DC /* GlfwWindowManager.m in Sources */,
				EDF8C8F11FD70E16002CF9DC /* main.m in Sources */,
				EDF8C8FC1FD70F2C002CF9DC /* GlfwApplication.m in Sources */,
				ED7DC50F1FDECBCC0057AE1D /* GlfwMonitor.m in Sources */,
				140755451FD734DB007BF8B0 /* sokol_imp.m in Sources */,
				140755401FD73434007BF8B0 /* GlfwRawWindow.m in Sources */,
				140755431FD73453007BF8B0 /* GlfwEvent.m in Sources */,
			);
			runOnlyForDeploymentPostprocessing = 0;
		};
/* End PBXSourcesBuildPhase section */

/* Begin XCBuildConfiguration section */
		EDF8C8F21FD70E16002CF9DC /* Debug */ = {
			isa = XCBuildConfiguration;
			buildSettings = {
				ALWAYS_SEARCH_USER_PATHS = NO;
				CLANG_ANALYZER_NONNULL = YES;
				CLANG_ANALYZER_NUMBER_OBJECT_CONVERSION = YES_AGGRESSIVE;
				CLANG_CXX_LANGUAGE_STANDARD = "gnu++14";
				CLANG_CXX_LIBRARY = "libc++";
				CLANG_ENABLE_MODULES = YES;
				CLANG_ENABLE_OBJC_ARC = YES;
				CLANG_WARN_BLOCK_CAPTURE_AUTORELEASING = YES;
				CLANG_WARN_BOOL_CONVERSION = YES;
				CLANG_WARN_COMMA = YES;
				CLANG_WARN_CONSTANT_CONVERSION = YES;
				CLANG_WARN_DIRECT_OBJC_ISA_USAGE = YES_ERROR;
				CLANG_WARN_DOCUMENTATION_COMMENTS = NO;
				CLANG_WARN_EMPTY_BODY = YES;
				CLANG_WARN_ENUM_CONVERSION = YES;
				CLANG_WARN_INFINITE_RECURSION = YES;
				CLANG_WARN_INT_CONVERSION = YES;
				CLANG_WARN_NON_LITERAL_NULL_CONVERSION = YES;
				CLANG_WARN_OBJC_LITERAL_CONVERSION = YES;
				CLANG_WARN_OBJC_ROOT_CLASS = YES_ERROR;
				CLANG_WARN_RANGE_LOOP_ANALYSIS = YES;
				CLANG_WARN_STRICT_PROTOTYPES = YES;
				CLANG_WARN_SUSPICIOUS_MOVE = YES;
				CLANG_WARN_UNGUARDED_AVAILABILITY = YES_AGGRESSIVE;
				CLANG_WARN_UNREACHABLE_CODE = YES;
				CLANG_WARN__DUPLICATE_METHOD_MATCH = YES;
				CODE_SIGN_IDENTITY = "";
				COPY_PHASE_STRIP = NO;
				DEBUG_INFORMATION_FORMAT = dwarf;
				ENABLE_STRICT_OBJC_MSGSEND = YES;
				ENABLE_TESTABILITY = YES;
				FRAMEWORK_SEARCH_PATHS = /Library/Frameworks;
				GCC_C_LANGUAGE_STANDARD = gnu11;
				GCC_DYNAMIC_NO_PIC = NO;
				GCC_NO_COMMON_BLOCKS = YES;
				GCC_OPTIMIZATION_LEVEL = 0;
				GCC_PREPROCESSOR_DEFINITIONS = (
					"DEBUG=1",
					"$(inherited)",
				);
				GCC_WARN_64_TO_32_BIT_CONVERSION = YES;
				GCC_WARN_ABOUT_RETURN_TYPE = YES_ERROR;
				GCC_WARN_UNDECLARED_SELECTOR = YES;
				GCC_WARN_UNINITIALIZED_AUTOS = YES_AGGRESSIVE;
				GCC_WARN_UNUSED_FUNCTION = YES;
				GCC_WARN_UNUSED_VARIABLE = YES;
				HEADER_SEARCH_PATHS = /usr/local/include;
				LIBRARY_SEARCH_PATHS = /usr/local/lib;
				MACOSX_DEPLOYMENT_TARGET = 10.7;
				MTL_ENABLE_DEBUG_INFO = YES;
				ONLY_ACTIVE_ARCH = YES;
				OTHER_CFLAGS = (
					"-fconstant-string-class=OFConstantString",
					"-fno-constant-cfstrings",
					"-fblocks",
					"-fno-objc-arc",
					"-fno-modules",
				);
				OTHER_LDFLAGS = "-lglfw";
				SDKROOT = macosx;
			};
			name = Debug;
		};
		EDF8C8F31FD70E16002CF9DC /* Release */ = {
			isa = XCBuildConfiguration;
			buildSettings = {
				ALWAYS_SEARCH_USER_PATHS = NO;
				CLANG_ANALYZER_NONNULL = YES;
				CLANG_ANALYZER_NUMBER_OBJECT_CONVERSION = YES_AGGRESSIVE;
				CLANG_CXX_LANGUAGE_STANDARD = "gnu++14";
				CLANG_CXX_LIBRARY = "libc++";
				CLANG_ENABLE_MODULES = YES;
				CLANG_ENABLE_OBJC_ARC = YES;
				CLANG_WARN_BLOCK_CAPTURE_AUTORELEASING = YES;
				CLANG_WARN_BOOL_CONVERSION = YES;
				CLANG_WARN_COMMA = YES;
				CLANG_WARN_CONSTANT_CONVERSION = YES;
				CLANG_WARN_DIRECT_OBJC_ISA_USAGE = YES_ERROR;
				CLANG_WARN_DOCUMENTATION_COMMENTS = NO;
				CLANG_WARN_EMPTY_BODY = YES;
				CLANG_WARN_ENUM_CONVERSION = YES;
				CLANG_WARN_INFINITE_RECURSION = YES;
				CLANG_WARN_INT_CONVERSION = YES;
				CLANG_WARN_NON_LITERAL_NULL_CONVERSION = YES;
				CLANG_WARN_OBJC_LITERAL_CONVERSION = YES;
				CLANG_WARN_OBJC_ROOT_CLASS = YES_ERROR;
				CLANG_WARN_RANGE_LOOP_ANALYSIS = YES;
				CLANG_WARN_STRICT_PROTOTYPES = YES;
				CLANG_WARN_SUSPICIOUS_MOVE = YES;
				CLANG_WARN_UNGUARDED_AVAILABILITY = YES_AGGRESSIVE;
				CLANG_WARN_UNREACHABLE_CODE = YES;
				CLANG_WARN__DUPLICATE_METHOD_MATCH = YES;
				CODE_SIGN_IDENTITY = "";
				COPY_PHASE_STRIP = NO;
				DEBUG_INFORMATION_FORMAT = "dwarf-with-dsym";
				ENABLE_NS_ASSERTIONS = NO;
				ENABLE_STRICT_OBJC_MSGSEND = YES;
				FRAMEWORK_SEARCH_PATHS = /Library/Frameworks;
				GCC_C_LANGUAGE_STANDARD = gnu11;
				GCC_NO_COMMON_BLOCKS = YES;
				GCC_WARN_64_TO_32_BIT_CONVERSION = YES;
				GCC_WARN_ABOUT_RETURN_TYPE = YES_ERROR;
				GCC_WARN_UNDECLARED_SELECTOR = YES;
				GCC_WARN_UNINITIALIZED_AUTOS = YES_AGGRESSIVE;
				GCC_WARN_UNUSED_FUNCTION = YES;
				GCC_WARN_UNUSED_VARIABLE = YES;
				HEADER_SEARCH_PATHS = /usr/local/include;
				LIBRARY_SEARCH_PATHS = /usr/local/lib;
				MACOSX_DEPLOYMENT_TARGET = 10.7;
				MTL_ENABLE_DEBUG_INFO = NO;
				OTHER_CFLAGS = (
					"-fconstant-string-class=OFConstantString",
					"-fno-constant-cfstrings",
					"-fblocks",
					"-fno-objc-arc",
					"-fno-modules",
				);
				OTHER_LDFLAGS = "-lglfw";
				SDKROOT = macosx;
			};
			name = Release;
		};
		EDF8C8F51FD70E16002CF9DC /* Debug */ = {
			isa = XCBuildConfiguration;
			buildSettings = {
				CODE_SIGN_STYLE = Automatic;
				FRAMEWORK_SEARCH_PATHS = (
					"$(inherited)",
					"$(LOCAL_LIBRARY_DIR)/Frameworks",
				);
				PRODUCT_NAME = "$(TARGET_NAME)";
			};
			name = Debug;
		};
		EDF8C8F61FD70E16002CF9DC /* Release */ = {
			isa = XCBuildConfiguration;
			buildSettings = {
				CODE_SIGN_STYLE = Automatic;
				FRAMEWORK_SEARCH_PATHS = (
					"$(inherited)",
					"$(LOCAL_LIBRARY_DIR)/Frameworks",
				);
				PRODUCT_NAME = "$(TARGET_NAME)";
			};
			name = Release;
		};
/* End XCBuildConfiguration section */

/* Begin XCConfigurationList section */
		EDF8C8E81FD70E16002CF9DC /* Build configuration list for PBXProject "ObjGLFW" */ = {
			isa = XCConfigurationList;
			buildConfigurations = (
				EDF8C8F21FD70E16002CF9DC /* Debug */,
				EDF8C8F31FD70E16002CF9DC /* Release */,
			);
			defaultConfigurationIsVisible = 0;
			defaultConfigurationName = Release;
		};
		EDF8C8F41FD70E16002CF9DC /* Build configuration list for PBXNativeTarget "ObjGLFW" */ = {
			isa = XCConfigurationList;
			buildConfigurations = (
				EDF8C8F51FD70E16002CF9DC /* Debug */,
				EDF8C8F61FD70E16002CF9DC /* Release */,
			);
			defaultConfigurationIsVisible = 0;
			defaultConfigurationName = Release;
		};
/* End XCConfigurationList section */
	};
	rootObject = EDF8C8E51FD70E16002CF9DC /* Project object */;
}
